
Microsoft Visual Studio Solution File, Format Version 12.00
Project("{2150E333-8FDC-42A3-9474-1A3956D46DE8}") = "src", "src", "{2558314F-B8AC-4E9A-ABCA-A97DBD78BEFD}"
EndProject
Project("{2150E333-8FDC-42A3-9474-1A3956D46DE8}") = "test", "test", "{171E3DCA-D891-4588-B953-A5F8F348C460}"
EndProject
Project("{FAE04EC0-301F-11D3-BF4B-00C04F79EFBC}") = "Bookify.Domain", "Bookify.Domain\Bookify.Domain.csproj", "{C73B9969-5FA3-45BB-9217-32D9B18498E8}"
EndProject
Project("{FAE04EC0-301F-11D3-BF4B-00C04F79EFBC}") = "Bookify.Application", "Bookify.Application\Bookify.Application.csproj", "{D425C55F-48A2-41B6-9682-D2B41E5D308F}"
EndProject
Global
	GlobalSection(SolutionConfigurationPlatforms) = preSolution
		Debug|Any CPU = Debug|Any CPU
		Release|Any CPU = Release|Any CPU
	EndGlobalSection
	GlobalSection(NestedProjects) = preSolution
		{C73B9969-5FA3-45BB-9217-32D9B18498E8} = {2558314F-B8AC-4E9A-ABCA-A97DBD78BEFD}
		{D425C55F-48A2-41B6-9682-D2B41E5D308F} = {2558314F-B8AC-4E9A-ABCA-A97DBD78BEFD}
	EndGlobalSection
	GlobalSection(ProjectConfigurationPlatforms) = postSolution
		{C73B9969-5FA3-45BB-9217-32D9B18498E8}.Debug|Any CPU.ActiveCfg = Debug|Any CPU
		{C73B9969-5FA3-45BB-9217-32D9B18498E8}.Debug|Any CPU.Build.0 = Debug|Any CPU
		{C73B9969-5FA3-45BB-9217-32D9B18498E8}.Release|Any CPU.ActiveCfg = Release|Any CPU
		{C73B9969-5FA3-45BB-9217-32D9B18498E8}.Release|Any CPU.Build.0 = Release|Any CPU
		{D425C55F-48A2-41B6-9682-D2B41E5D308F}.Debug|Any CPU.ActiveCfg = Debug|Any CPU
		{D425C55F-48A2-41B6-9682-D2B41E5D308F}.Debug|Any CPU.Build.0 = Debug|Any CPU
		{D425C55F-48A2-41B6-9682-D2B41E5D308F}.Release|Any CPU.ActiveCfg = Release|Any CPU
		{D425C55F-48A2-41B6-9682-D2B41E5D308F}.Release|Any CPU.Build.0 = Release|Any CPU
	EndGlobalSection
EndGlobal
